
Microsoft Visual Studio Solution File, Format Version 12.00
# Visual Studio 15
VisualStudioVersion = 15.0.28010.2036
MinimumVisualStudioVersion = 10.0.40219.1
Project("{8BC9CEB8-8B4A-11D0-8D11-00A0C91BC942}") = "Arduino_livolo_system", "Arduino_livolo_system\Arduino_livolo_system.vcxproj", "{58D53E50-17ED-4D75-8783-3498719DB145}"
EndProject
Global
	GlobalSection(SolutionConfigurationPlatforms) = preSolution
		Debug|x64 = Debug|x64
		Debug|x86 = Debug|x86
		Release|x64 = Release|x64
		Release|x86 = Release|x86
	EndGlobalSection
	GlobalSection(ProjectConfigurationPlatforms) = postSolution
		{58D53E50-17ED-4D75-8783-3498719DB145}.Debug|x64.ActiveCfg = Debug|x64
		{58D53E50-17ED-4D75-8783-3498719DB145}.Debug|x64.Build.0 = Debug|x64
		{58D53E50-17ED-4D75-8783-3498719DB145}.Debug|x86.ActiveCfg = Debug|Win32
		{58D53E50-17ED-4D75-8783-3498719DB145}.Debug|x86.Build.0 = Debug|Win32
		{58D53E50-17ED-4D75-8783-3498719DB145}.Release|x64.ActiveCfg = Release|x64
		{58D53E50-17ED-4D75-8783-3498719DB145}.Release|x64.Build.0 = Release|x64
		{58D53E50-17ED-4D75-8783-3498719DB145}.Release|x86.ActiveCfg = Release|Win32
		{58D53E50-17ED-4D75-8783-3498719DB145}.Release|x86.Build.0 = Release|Win32
	EndGlobalSection
	GlobalSection(SolutionProperties) = preSolution
		HideSolutionNode = FALSE
	EndGlobalSection
	GlobalSection(ExtensibilityGlobals) = postSolution
		SolutionGuid = {D5829EED-4590-4510-B7B9-6D28BDFA1D23}
	EndGlobalSection
EndGlobal
